# This file is automatically @generated by Poetry 1.8.5 and should not be changed by hand.

[[package]]
name = "ace-tools"
version = "0.0"
description = "A placeholder empty package"
optional = false
python-versions = "*"
files = [
    {file = "ace_tools-0.0-py3-none-any.whl", hash = "sha256:1b5d4b0f6eeb8dfc1b04986af413cc529a9a5167d53db5cde5b91ac8f9d00374"},
    {file = "ace_tools-0.0.tar.gz", hash = "sha256:fe23f94302886b789cd1ebd8c7559da615c993b86e9f36a8a46034cf3e484ef5"},
]

[[package]]
name = "tabulate"
version = "0.9.0"
description = "Pretty-print tabular data"
optional = false
python-versions = ">=3.7"
files = [
    {file = "tabulate-0.9.0-py3-none-any.whl", hash = "sha256:024ca478df22e9340661486f85298cff5f6dcdba14f3813e8830015b9ed1948f"},
    {file = "tabulate-0.9.0.tar.gz", hash = "sha256:0095b12bf5966de529c0feb1fa08671671b3368eec77d7ef7ab114be2c068b3c"},
]

[package.extras]
widechars = ["wcwidth"]

[metadata]
lock-version = "2.0"
python-versions = "^3.12"
content-hash = "42d020d3ce0f92a67f2ae00b256592dbf0225ab0981c0a15fd2e7a953b6fc3e2"
